
Microsoft Visual Studio Solution File, Format Version 12.00
# Visual Studio Version 16
VisualStudioVersion = 16.0.30114.105
MinimumVisualStudioVersion = 15.0.26124.0
Project("{2150E333-8FDC-42A3-9474-1A3956D46DE8}") = "src", "src", "{45E9F1BA-1F7C-44EA-B3E9-B216B9E093A0}"
EndProject
Project("{2150E333-8FDC-42A3-9474-1A3956D46DE8}") = "MicroServices", "MicroServices", "{DB80B7F0-D8D6-4C79-8BA8-4E5AF5AC640D}"
EndProject
Project("{2150E333-8FDC-42A3-9474-1A3956D46DE8}") = "Publisher", "Publisher", "{CE641EB1-BD0C-4EC0-9961-65EA301A6820}"
EndProject
Project("{9A19103F-16F7-4668-BE54-9A1E7A4F7556}") = "Bari.Test.Publisher", "src\MicroServices\Bari.Test.Publisher\Bari.Test.Publisher.csproj", "{FD581753-ACC7-4C9A-B60C-7F56D51E0E35}"
EndProject
Project("{2150E333-8FDC-42A3-9474-1A3956D46DE8}") = "Domain", "Domain", "{A1959679-A24C-4171-B42C-BE1D898426A1}"
EndProject
Project("{9A19103F-16F7-4668-BE54-9A1E7A4F7556}") = "Bari.Test.Domain.Core", "src\Domain\Bari.Test.Domain.Core\Bari.Test.Domain.Core.csproj", "{28DE9113-7730-46DA-ACA9-32E8D180AB37}"
EndProject
Project("{2150E333-8FDC-42A3-9474-1A3956D46DE8}") = "Subscriber", "Subscriber", "{55208DC9-2EE1-4528-A0A9-86841EB1D66F}"
EndProject
Project("{2150E333-8FDC-42A3-9474-1A3956D46DE8}") = "1 - Services", "1 - Services", "{35957438-294B-455D-A997-5C01D785B330}"
EndProject
Project("{2150E333-8FDC-42A3-9474-1A3956D46DE8}") = "2 - Apliaction", "2 - Apliaction", "{F097FBC2-A05B-453C-8CED-605B7C075B69}"
EndProject
Project("{2150E333-8FDC-42A3-9474-1A3956D46DE8}") = "3 - Domain", "3 - Domain", "{C61A9BCF-97FC-4CB1-A45C-6F694A0E0F17}"
EndProject
Project("{2150E333-8FDC-42A3-9474-1A3956D46DE8}") = "4 - Infra", "4 - Infra", "{2ECB1169-6A55-4A66-9C62-31D88304FCFF}"
EndProject
Project("{9A19103F-16F7-4668-BE54-9A1E7A4F7556}") = "Bari.Test.Services.Api", "src\MicroServices\Bari.Test.Subscriber\Bari.Test.Services.Api\Bari.Test.Services.Api.csproj", "{B1104DE8-93C0-4F6C-BDD4-4E404357E0AF}"
EndProject
Project("{9A19103F-16F7-4668-BE54-9A1E7A4F7556}") = "Bari.Test.Application", "src\MicroServices\Bari.Test.Subscriber\Bari.Test.Application\Bari.Test.Application.csproj", "{DBA7A626-9D8B-42CE-BFEC-C403C746CF74}"
EndProject
Project("{9A19103F-16F7-4668-BE54-9A1E7A4F7556}") = "Bari.Test.Domain", "src\MicroServices\Bari.Test.Subscriber\Bari.Test.Domain\Bari.Test.Domain.csproj", "{588020F5-1862-421B-88BA-01CCEC61662D}"
EndProject
Project("{2150E333-8FDC-42A3-9474-1A3956D46DE8}") = "Tests", "Tests", "{8E7D2F7B-A977-4142-BA14-8647FC12B31D}"
EndProject
Project("{2150E333-8FDC-42A3-9474-1A3956D46DE8}") = "4.1 - Data", "4.1 - Data", "{3B36E013-2F41-40C1-8082-114AA0F9DA49}"
EndProject
Project("{2150E333-8FDC-42A3-9474-1A3956D46DE8}") = "4.2 - CrossCutting", "4.2 - CrossCutting", "{7715F1BE-FDFD-4B92-BD1A-A64425BE8F02}"
EndProject
Project("{9A19103F-16F7-4668-BE54-9A1E7A4F7556}") = "Bari.Test.Subscriber.Infra.IoC", "src\MicroServices\Bari.Test.Subscriber\Bari.Test.Subscriber.Infra.IoC\Bari.Test.Subscriber.Infra.IoC.csproj", "{1B6BCDC9-81BD-4334-9C5B-F791DC9BD9B1}"
EndProject
Global
	GlobalSection(SolutionConfigurationPlatforms) = preSolution
		Debug|Any CPU = Debug|Any CPU
		Debug|x64 = Debug|x64
		Debug|x86 = Debug|x86
		Release|Any CPU = Release|Any CPU
		Release|x64 = Release|x64
		Release|x86 = Release|x86
	EndGlobalSection
	GlobalSection(ProjectConfigurationPlatforms) = postSolution
		{FD581753-ACC7-4C9A-B60C-7F56D51E0E35}.Debug|Any CPU.ActiveCfg = Debug|Any CPU
		{FD581753-ACC7-4C9A-B60C-7F56D51E0E35}.Debug|Any CPU.Build.0 = Debug|Any CPU
		{FD581753-ACC7-4C9A-B60C-7F56D51E0E35}.Debug|x64.ActiveCfg = Debug|Any CPU
		{FD581753-ACC7-4C9A-B60C-7F56D51E0E35}.Debug|x64.Build.0 = Debug|Any CPU
		{FD581753-ACC7-4C9A-B60C-7F56D51E0E35}.Debug|x86.ActiveCfg = Debug|Any CPU
		{FD581753-ACC7-4C9A-B60C-7F56D51E0E35}.Debug|x86.Build.0 = Debug|Any CPU
		{FD581753-ACC7-4C9A-B60C-7F56D51E0E35}.Release|Any CPU.ActiveCfg = Release|Any CPU
		{FD581753-ACC7-4C9A-B60C-7F56D51E0E35}.Release|Any CPU.Build.0 = Release|Any CPU
		{FD581753-ACC7-4C9A-B60C-7F56D51E0E35}.Release|x64.ActiveCfg = Release|Any CPU
		{FD581753-ACC7-4C9A-B60C-7F56D51E0E35}.Release|x64.Build.0 = Release|Any CPU
		{FD581753-ACC7-4C9A-B60C-7F56D51E0E35}.Release|x86.ActiveCfg = Release|Any CPU
		{FD581753-ACC7-4C9A-B60C-7F56D51E0E35}.Release|x86.Build.0 = Release|Any CPU
		{28DE9113-7730-46DA-ACA9-32E8D180AB37}.Debug|Any CPU.ActiveCfg = Debug|Any CPU
		{28DE9113-7730-46DA-ACA9-32E8D180AB37}.Debug|Any CPU.Build.0 = Debug|Any CPU
		{28DE9113-7730-46DA-ACA9-32E8D180AB37}.Debug|x64.ActiveCfg = Debug|Any CPU
		{28DE9113-7730-46DA-ACA9-32E8D180AB37}.Debug|x64.Build.0 = Debug|Any CPU
		{28DE9113-7730-46DA-ACA9-32E8D180AB37}.Debug|x86.ActiveCfg = Debug|Any CPU
		{28DE9113-7730-46DA-ACA9-32E8D180AB37}.Debug|x86.Build.0 = Debug|Any CPU
		{28DE9113-7730-46DA-ACA9-32E8D180AB37}.Release|Any CPU.ActiveCfg = Release|Any CPU
		{28DE9113-7730-46DA-ACA9-32E8D180AB37}.Release|Any CPU.Build.0 = Release|Any CPU
		{28DE9113-7730-46DA-ACA9-32E8D180AB37}.Release|x64.ActiveCfg = Release|Any CPU
		{28DE9113-7730-46DA-ACA9-32E8D180AB37}.Release|x64.Build.0 = Release|Any CPU
		{28DE9113-7730-46DA-ACA9-32E8D180AB37}.Release|x86.ActiveCfg = Release|Any CPU
		{28DE9113-7730-46DA-ACA9-32E8D180AB37}.Release|x86.Build.0 = Release|Any CPU
		{B1104DE8-93C0-4F6C-BDD4-4E404357E0AF}.Debug|Any CPU.ActiveCfg = Debug|Any CPU
		{B1104DE8-93C0-4F6C-BDD4-4E404357E0AF}.Debug|Any CPU.Build.0 = Debug|Any CPU
		{B1104DE8-93C0-4F6C-BDD4-4E404357E0AF}.Debug|x64.ActiveCfg = Debug|Any CPU
		{B1104DE8-93C0-4F6C-BDD4-4E404357E0AF}.Debug|x64.Build.0 = Debug|Any CPU
		{B1104DE8-93C0-4F6C-BDD4-4E404357E0AF}.Debug|x86.ActiveCfg = Debug|Any CPU
		{B1104DE8-93C0-4F6C-BDD4-4E404357E0AF}.Debug|x86.Build.0 = Debug|Any CPU
		{B1104DE8-93C0-4F6C-BDD4-4E404357E0AF}.Release|Any CPU.ActiveCfg = Release|Any CPU
		{B1104DE8-93C0-4F6C-BDD4-4E404357E0AF}.Release|Any CPU.Build.0 = Release|Any CPU
		{B1104DE8-93C0-4F6C-BDD4-4E404357E0AF}.Release|x64.ActiveCfg = Release|Any CPU
		{B1104DE8-93C0-4F6C-BDD4-4E404357E0AF}.Release|x64.Build.0 = Release|Any CPU
		{B1104DE8-93C0-4F6C-BDD4-4E404357E0AF}.Release|x86.ActiveCfg = Release|Any CPU
		{B1104DE8-93C0-4F6C-BDD4-4E404357E0AF}.Release|x86.Build.0 = Release|Any CPU
		{DBA7A626-9D8B-42CE-BFEC-C403C746CF74}.Debug|Any CPU.ActiveCfg = Debug|Any CPU
		{DBA7A626-9D8B-42CE-BFEC-C403C746CF74}.Debug|Any CPU.Build.0 = Debug|Any CPU
		{DBA7A626-9D8B-42CE-BFEC-C403C746CF74}.Debug|x64.ActiveCfg = Debug|Any CPU
		{DBA7A626-9D8B-42CE-BFEC-C403C746CF74}.Debug|x64.Build.0 = Debug|Any CPU
		{DBA7A626-9D8B-42CE-BFEC-C403C746CF74}.Debug|x86.ActiveCfg = Debug|Any CPU
		{DBA7A626-9D8B-42CE-BFEC-C403C746CF74}.Debug|x86.Build.0 = Debug|Any CPU
		{DBA7A626-9D8B-42CE-BFEC-C403C746CF74}.Release|Any CPU.ActiveCfg = Release|Any CPU
		{DBA7A626-9D8B-42CE-BFEC-C403C746CF74}.Release|Any CPU.Build.0 = Release|Any CPU
		{DBA7A626-9D8B-42CE-BFEC-C403C746CF74}.Release|x64.ActiveCfg = Release|Any CPU
		{DBA7A626-9D8B-42CE-BFEC-C403C746CF74}.Release|x64.Build.0 = Release|Any CPU
		{DBA7A626-9D8B-42CE-BFEC-C403C746CF74}.Release|x86.ActiveCfg = Release|Any CPU
		{DBA7A626-9D8B-42CE-BFEC-C403C746CF74}.Release|x86.Build.0 = Release|Any CPU
		{588020F5-1862-421B-88BA-01CCEC61662D}.Debug|Any CPU.ActiveCfg = Debug|Any CPU
		{588020F5-1862-421B-88BA-01CCEC61662D}.Debug|Any CPU.Build.0 = Debug|Any CPU
		{588020F5-1862-421B-88BA-01CCEC61662D}.Debug|x64.ActiveCfg = Debug|Any CPU
		{588020F5-1862-421B-88BA-01CCEC61662D}.Debug|x64.Build.0 = Debug|Any CPU
		{588020F5-1862-421B-88BA-01CCEC61662D}.Debug|x86.ActiveCfg = Debug|Any CPU
		{588020F5-1862-421B-88BA-01CCEC61662D}.Debug|x86.Build.0 = Debug|Any CPU
		{588020F5-1862-421B-88BA-01CCEC61662D}.Release|Any CPU.ActiveCfg = Release|Any CPU
		{588020F5-1862-421B-88BA-01CCEC61662D}.Release|Any CPU.Build.0 = Release|Any CPU
		{588020F5-1862-421B-88BA-01CCEC61662D}.Release|x64.ActiveCfg = Release|Any CPU
		{588020F5-1862-421B-88BA-01CCEC61662D}.Release|x64.Build.0 = Release|Any CPU
		{588020F5-1862-421B-88BA-01CCEC61662D}.Release|x86.ActiveCfg = Release|Any CPU
		{588020F5-1862-421B-88BA-01CCEC61662D}.Release|x86.Build.0 = Release|Any CPU
		{1B6BCDC9-81BD-4334-9C5B-F791DC9BD9B1}.Debug|Any CPU.ActiveCfg = Debug|Any CPU
		{1B6BCDC9-81BD-4334-9C5B-F791DC9BD9B1}.Debug|Any CPU.Build.0 = Debug|Any CPU
		{1B6BCDC9-81BD-4334-9C5B-F791DC9BD9B1}.Debug|x64.ActiveCfg = Debug|Any CPU
		{1B6BCDC9-81BD-4334-9C5B-F791DC9BD9B1}.Debug|x64.Build.0 = Debug|Any CPU
		{1B6BCDC9-81BD-4334-9C5B-F791DC9BD9B1}.Debug|x86.ActiveCfg = Debug|Any CPU
		{1B6BCDC9-81BD-4334-9C5B-F791DC9BD9B1}.Debug|x86.Build.0 = Debug|Any CPU
		{1B6BCDC9-81BD-4334-9C5B-F791DC9BD9B1}.Release|Any CPU.ActiveCfg = Release|Any CPU
		{1B6BCDC9-81BD-4334-9C5B-F791DC9BD9B1}.Release|Any CPU.Build.0 = Release|Any CPU
		{1B6BCDC9-81BD-4334-9C5B-F791DC9BD9B1}.Release|x64.ActiveCfg = Release|Any CPU
		{1B6BCDC9-81BD-4334-9C5B-F791DC9BD9B1}.Release|x64.Build.0 = Release|Any CPU
		{1B6BCDC9-81BD-4334-9C5B-F791DC9BD9B1}.Release|x86.ActiveCfg = Release|Any CPU
		{1B6BCDC9-81BD-4334-9C5B-F791DC9BD9B1}.Release|x86.Build.0 = Release|Any CPU
	EndGlobalSection
	GlobalSection(SolutionProperties) = preSolution
		HideSolutionNode = FALSE
	EndGlobalSection
	GlobalSection(NestedProjects) = preSolution
		{DB80B7F0-D8D6-4C79-8BA8-4E5AF5AC640D} = {45E9F1BA-1F7C-44EA-B3E9-B216B9E093A0}
		{CE641EB1-BD0C-4EC0-9961-65EA301A6820} = {DB80B7F0-D8D6-4C79-8BA8-4E5AF5AC640D}
		{FD581753-ACC7-4C9A-B60C-7F56D51E0E35} = {CE641EB1-BD0C-4EC0-9961-65EA301A6820}
		{A1959679-A24C-4171-B42C-BE1D898426A1} = {45E9F1BA-1F7C-44EA-B3E9-B216B9E093A0}
		{28DE9113-7730-46DA-ACA9-32E8D180AB37} = {A1959679-A24C-4171-B42C-BE1D898426A1}
		{55208DC9-2EE1-4528-A0A9-86841EB1D66F} = {DB80B7F0-D8D6-4C79-8BA8-4E5AF5AC640D}
		{35957438-294B-455D-A997-5C01D785B330} = {55208DC9-2EE1-4528-A0A9-86841EB1D66F}
		{F097FBC2-A05B-453C-8CED-605B7C075B69} = {55208DC9-2EE1-4528-A0A9-86841EB1D66F}
		{C61A9BCF-97FC-4CB1-A45C-6F694A0E0F17} = {55208DC9-2EE1-4528-A0A9-86841EB1D66F}
		{2ECB1169-6A55-4A66-9C62-31D88304FCFF} = {55208DC9-2EE1-4528-A0A9-86841EB1D66F}
		{B1104DE8-93C0-4F6C-BDD4-4E404357E0AF} = {35957438-294B-455D-A997-5C01D785B330}
		{DBA7A626-9D8B-42CE-BFEC-C403C746CF74} = {F097FBC2-A05B-453C-8CED-605B7C075B69}
		{588020F5-1862-421B-88BA-01CCEC61662D} = {C61A9BCF-97FC-4CB1-A45C-6F694A0E0F17}
		{3B36E013-2F41-40C1-8082-114AA0F9DA49} = {2ECB1169-6A55-4A66-9C62-31D88304FCFF}
		{7715F1BE-FDFD-4B92-BD1A-A64425BE8F02} = {2ECB1169-6A55-4A66-9C62-31D88304FCFF}
		{1B6BCDC9-81BD-4334-9C5B-F791DC9BD9B1} = {7715F1BE-FDFD-4B92-BD1A-A64425BE8F02}
	EndGlobalSection
	GlobalSection(ExtensibilityGlobals) = postSolution
		SolutionGuid = {BBDDFBC3-7380-46FA-B8B3-67492AAE3A2D}
	EndGlobalSection
EndGlobal
